// !$*UTF8*$!
{
	archiveVersion = 1;
	classes = {
	};
	objectVersion = 46;
	objects = {

/* Begin PBXBuildFile section */
		050DDEED1765FA8200363603 /* SandikLoginViewController.m in Sources */ = {isa = PBXBuildFile; fileRef = 050DDEEC1765FA8200363603 /* SandikLoginViewController.m */; };
		053E4975164D944700053418 /* Neighbour.m in Sources */ = {isa = PBXBuildFile; fileRef = 053E4974164D944700053418 /* Neighbour.m */; };
		0543E82D164BB72D00255154 /* UIKit.framework in Frameworks */ = {isa = PBXBuildFile; fileRef = 0543E82C164BB72D00255154 /* UIKit.framework */; };
		0543E82F164BB72D00255154 /* Foundation.framework in Frameworks */ = {isa = PBXBuildFile; fileRef = 0543E82E164BB72D00255154 /* Foundation.framework */; };
		0543E831164BB72D00255154 /* CoreGraphics.framework in Frameworks */ = {isa = PBXBuildFile; fileRef = 0543E830164BB72D00255154 /* CoreGraphics.framework */; };
		0543E837164BB72D00255154 /* InfoPlist.strings in Resources */ = {isa = PBXBuildFile; fileRef = 0543E835164BB72D00255154 /* InfoPlist.strings */; };
		0543E839164BB72D00255154 /* main.m in Sources */ = {isa = PBXBuildFile; fileRef = 0543E838164BB72D00255154 /* main.m */; };
		0543E83D164BB72D00255154 /* SandikAppDelegate.m in Sources */ = {isa = PBXBuildFile; fileRef = 0543E83C164BB72D00255154 /* SandikAppDelegate.m */; };
		0543E846164BB72D00255154 /* MainStoryboard_iPhone.storyboard in Resources */ = {isa = PBXBuildFile; fileRef = 0543E844164BB72D00255154 /* MainStoryboard_iPhone.storyboard */; };
		0543E86B164BD6E100255154 /* SandikKunyeViewController.m in Sources */ = {isa = PBXBuildFile; fileRef = 0543E86A164BD6E100255154 /* SandikKunyeViewController.m */; };
		0543E86E164BD70100255154 /* SandikBinaBilgisiViewController.m in Sources */ = {isa = PBXBuildFile; fileRef = 0543E86D164BD70100255154 /* SandikBinaBilgisiViewController.m */; };
		0543E871164BD71E00255154 /* SandikSecmenlerViewController.m in Sources */ = {isa = PBXBuildFile; fileRef = 0543E870164BD71E00255154 /* SandikSecmenlerViewController.m */; };
		0543E88C164BE58B00255154 /* Voter.m in Sources */ = {isa = PBXBuildFile; fileRef = 0543E88B164BE58B00255154 /* Voter.m */; };
		0543E891164BEA2B00255154 /* icon_boxlist@2x.png in Resources */ = {isa = PBXBuildFile; fileRef = 0543E88E164BEA2B00255154 /* icon_boxlist@2x.png */; };
		0543E892164BEA2B00255154 /* icon_voter@2x.png in Resources */ = {isa = PBXBuildFile; fileRef = 0543E88F164BEA2B00255154 /* icon_voter@2x.png */; };
		0543E893164BEA2B00255154 /* icon_voterlist@2x.png in Resources */ = {isa = PBXBuildFile; fileRef = 0543E890164BEA2B00255154 /* icon_voterlist@2x.png */; };
		0543E89E164BED3500255154 /* icon_boxlist.png in Resources */ = {isa = PBXBuildFile; fileRef = 0543E89B164BED3500255154 /* icon_boxlist.png */; };
		0543E89F164BED3500255154 /* icon_voter.png in Resources */ = {isa = PBXBuildFile; fileRef = 0543E89C164BED3500255154 /* icon_voter.png */; };
		0543E8A0164BED3500255154 /* icon_voterlist.png in Resources */ = {isa = PBXBuildFile; fileRef = 0543E89D164BED3500255154 /* icon_voterlist.png */; };
		0543E8A3164BEE8800255154 /* mainbg.png in Resources */ = {isa = PBXBuildFile; fileRef = 0543E8A1164BEE8800255154 /* mainbg.png */; };
		0543E8A4164BEE8800255154 /* mainbg@2x.png in Resources */ = {isa = PBXBuildFile; fileRef = 0543E8A2164BEE8800255154 /* mainbg@2x.png */; };
		0543E8A7164BEF1800255154 /* main_chp_yatay.png in Resources */ = {isa = PBXBuildFile; fileRef = 0543E8A5164BEF1700255154 /* main_chp_yatay.png */; };
		0543E8A8164BEF1800255154 /* main_chp_yatay@2x.png in Resources */ = {isa = PBXBuildFile; fileRef = 0543E8A6164BEF1800255154 /* main_chp_yatay@2x.png */; };
		0543E8AB164BF25A00255154 /* tcinput_bg.png in Resources */ = {isa = PBXBuildFile; fileRef = 0543E8A9164BF25A00255154 /* tcinput_bg.png */; };
		0543E8AC164BF25A00255154 /* tcinput_bg@2x.png in Resources */ = {isa = PBXBuildFile; fileRef = 0543E8AA164BF25A00255154 /* tcinput_bg@2x.png */; };
		0543E8B1164BF43400255154 /* main_btn_hover.png in Resources */ = {isa = PBXBuildFile; fileRef = 0543E8AD164BF43400255154 /* main_btn_hover.png */; };
		0543E8B2164BF43400255154 /* main_btn_hover@2x.png in Resources */ = {isa = PBXBuildFile; fileRef = 0543E8AE164BF43400255154 /* main_btn_hover@2x.png */; };
		0543E8B3164BF43400255154 /* main_btn_normal.png in Resources */ = {isa = PBXBuildFile; fileRef = 0543E8AF164BF43400255154 /* main_btn_normal.png */; };
		0543E8B4164BF43400255154 /* main_btn_normal@2x.png in Resources */ = {isa = PBXBuildFile; fileRef = 0543E8B0164BF43400255154 /* main_btn_normal@2x.png */; };
		0543E8B7164BFAC600255154 /* header_bg.png in Resources */ = {isa = PBXBuildFile; fileRef = 0543E8B5164BFAC500255154 /* header_bg.png */; };
		0543E8B8164BFAC600255154 /* header_bg@2x.png in Resources */ = {isa = PBXBuildFile; fileRef = 0543E8B6164BFAC600255154 /* header_bg@2x.png */; };
		0543E8BB164BFD8300255154 /* SandikSorguViewController.m in Sources */ = {isa = PBXBuildFile; fileRef = 0543E8BA164BFD8300255154 /* SandikSorguViewController.m */; };
		0543E8BE164BFEBE00255154 /* SandikTabBarViewController.m in Sources */ = {isa = PBXBuildFile; fileRef = 0543E8BD164BFEBD00255154 /* SandikTabBarViewController.m */; };
		05488A47168D8CC10076BB74 /* mainbg-568h@2x.png in Resources */ = {isa = PBXBuildFile; fileRef = 05488A46168D8CC10076BB74 /* mainbg-568h@2x.png */; };
		0552B4E9176F3ECF00AB7539 /* RNCryptor.m in Sources */ = {isa = PBXBuildFile; fileRef = 0552B4DC176F3ECF00AB7539 /* RNCryptor.m */; };
		0552B4EA176F3ECF00AB7539 /* RNCryptorEngine.m in Sources */ = {isa = PBXBuildFile; fileRef = 0552B4DE176F3ECF00AB7539 /* RNCryptorEngine.m */; };
		0552B4EB176F3ECF00AB7539 /* RNDecryptor.m in Sources */ = {isa = PBXBuildFile; fileRef = 0552B4E0176F3ECF00AB7539 /* RNDecryptor.m */; };
		0552B4EC176F3ECF00AB7539 /* RNEncryptor.m in Sources */ = {isa = PBXBuildFile; fileRef = 0552B4E2176F3ECF00AB7539 /* RNEncryptor.m */; };
		0552B4ED176F3ECF00AB7539 /* RNOpenSSLCryptor.m in Sources */ = {isa = PBXBuildFile; fileRef = 0552B4E4176F3ECF00AB7539 /* RNOpenSSLCryptor.m */; };
		0552B4EE176F3ECF00AB7539 /* RNOpenSSLDecryptor.m in Sources */ = {isa = PBXBuildFile; fileRef = 0552B4E6176F3ECF00AB7539 /* RNOpenSSLDecryptor.m */; };
		0552B4EF176F3ECF00AB7539 /* RNOpenSSLEncryptor.m in Sources */ = {isa = PBXBuildFile; fileRef = 0552B4E8176F3ECF00AB7539 /* RNOpenSSLEncryptor.m */; };
		05A568B518CA169200148218 /* Icon-Small.png in Resources */ = {isa = PBXBuildFile; fileRef = 05A568B118CA169200148218 /* Icon-Small.png */; };
		05A568B618CA169200148218 /* Icon-Small@2x.png in Resources */ = {isa = PBXBuildFile; fileRef = 05A568B218CA169200148218 /* Icon-Small@2x.png */; };
		05A568B718CA169200148218 /* Icon.png in Resources */ = {isa = PBXBuildFile; fileRef = 05A568B318CA169200148218 /* Icon.png */; };
		05A568B818CA169200148218 /* Icon@2x.png in Resources */ = {isa = PBXBuildFile; fileRef = 05A568B418CA169200148218 /* Icon@2x.png */; };
		05A568BF18CA17AB00148218 /* AppIcon40x40.png in Resources */ = {isa = PBXBuildFile; fileRef = 05A568B918CA17AB00148218 /* AppIcon40x40.png */; };
		05A568C018CA17AB00148218 /* AppIcon40x40@2x.png in Resources */ = {isa = PBXBuildFile; fileRef = 05A568BA18CA17AB00148218 /* AppIcon40x40@2x.png */; };
		05A568C118CA17AB00148218 /* AppIcon60x60.png in Resources */ = {isa = PBXBuildFile; fileRef = 05A568BB18CA17AB00148218 /* AppIcon60x60.png */; };
		05A568C218CA17AB00148218 /* AppIcon60x60@2x.png in Resources */ = {isa = PBXBuildFile; fileRef = 05A568BC18CA17AB00148218 /* AppIcon60x60@2x.png */; };
		05A568C318CA17AB00148218 /* AppIcon76x76.png in Resources */ = {isa = PBXBuildFile; fileRef = 05A568BD18CA17AB00148218 /* AppIcon76x76.png */; };
		05A568C418CA17AB00148218 /* AppIcon76x76@2x.png in Resources */ = {isa = PBXBuildFile; fileRef = 05A568BE18CA17AB00148218 /* AppIcon76x76@2x.png */; };
		05BA1B8716524230006E6B38 /* cell_bg.png in Resources */ = {isa = PBXBuildFile; fileRef = 05BA1B8516524230006E6B38 /* cell_bg.png */; };
		05BA1B8816524230006E6B38 /* cell_bg@2x.png in Resources */ = {isa = PBXBuildFile; fileRef = 05BA1B8616524230006E6B38 /* cell_bg@2x.png */; };
		05BA1B8B16524939006E6B38 /* QuartzCore.framework in Frameworks */ = {isa = PBXBuildFile; fileRef = 05BA1B8A16524939006E6B38 /* QuartzCore.framework */; };
		05BA1B8E16524E55006E6B38 /* cell_tile_bg.png in Resources */ = {isa = PBXBuildFile; fileRef = 05BA1B8C16524E55006E6B38 /* cell_tile_bg.png */; };
		05BA1B8F16524E55006E6B38 /* cell_tile_bg@2x.png in Resources */ = {isa = PBXBuildFile; fileRef = 05BA1B8D16524E55006E6B38 /* cell_tile_bg@2x.png */; };
		05BA1BB41652923E006E6B38 /* Default-568h@2x.png in Resources */ = {isa = PBXBuildFile; fileRef = 05BA1BB11652923E006E6B38 /* Default-568h@2x.png */; };
		05BA1BB51652923E006E6B38 /* Default.png in Resources */ = {isa = PBXBuildFile; fileRef = 05BA1BB21652923E006E6B38 /* Default.png */; };
		05BA1BB61652923E006E6B38 /* Default@2x.png in Resources */ = {isa = PBXBuildFile; fileRef = 05BA1BB31652923E006E6B38 /* Default@2x.png */; };
		05C3087E1650E2FA000A6780 /* btn_back_hover.png in Resources */ = {isa = PBXBuildFile; fileRef = 05C3087A1650E2FA000A6780 /* btn_back_hover.png */; };
		05C3087F1650E2FA000A6780 /* btn_back_hover@2x.png in Resources */ = {isa = PBXBuildFile; fileRef = 05C3087B1650E2FA000A6780 /* btn_back_hover@2x.png */; };
		05C308801650E2FA000A6780 /* btn_back_normal.png in Resources */ = {isa = PBXBuildFile; fileRef = 05C3087C1650E2FA000A6780 /* btn_back_normal.png */; };
		05C308811650E2FA000A6780 /* btn_back_normal@2x.png in Resources */ = {isa = PBXBuildFile; fileRef = 05C3087D1650E2FA000A6780 /* btn_back_normal@2x.png */; };
		05C3088516512D97000A6780 /* seperator.png in Resources */ = {isa = PBXBuildFile; fileRef = 05C3088316512D97000A6780 /* seperator.png */; };
		05C3088616512D97000A6780 /* seperator@2x.png in Resources */ = {isa = PBXBuildFile; fileRef = 05C3088416512D97000A6780 /* seperator@2x.png */; };
		05C30889165132A3000A6780 /* bina_numara.png in Resources */ = {isa = PBXBuildFile; fileRef = 05C30887165132A3000A6780 /* bina_numara.png */; };
		05C3088A165132A3000A6780 /* bina_numara@2x.png in Resources */ = {isa = PBXBuildFile; fileRef = 05C30888165132A3000A6780 /* bina_numara@2x.png */; };
		05C30897165151B2000A6780 /* title_binabilgisi.png in Resources */ = {isa = PBXBuildFile; fileRef = 05C3088F165151B1000A6780 /* title_binabilgisi.png */; };
		05C30898165151B2000A6780 /* title_binabilgisi@2x.png in Resources */ = {isa = PBXBuildFile; fileRef = 05C30890165151B2000A6780 /* title_binabilgisi@2x.png */; };
		05C30899165151B2000A6780 /* title_esandik.png in Resources */ = {isa = PBXBuildFile; fileRef = 05C30891165151B2000A6780 /* title_esandik.png */; };
		05C3089A165151B2000A6780 /* title_esandik@2x.png in Resources */ = {isa = PBXBuildFile; fileRef = 05C30892165151B2000A6780 /* title_esandik@2x.png */; };
		05C3089B165151B2000A6780 /* title_sandikbilgisi.png in Resources */ = {isa = PBXBuildFile; fileRef = 05C30893165151B2000A6780 /* title_sandikbilgisi.png */; };
		05C3089C165151B2000A6780 /* title_sandikbilgisi@2x.png in Resources */ = {isa = PBXBuildFile; fileRef = 05C30894165151B2000A6780 /* title_sandikbilgisi@2x.png */; };
		05C3089D165151B2000A6780 /* title_secmenkunyesi.png in Resources */ = {isa = PBXBuildFile; fileRef = 05C30895165151B2000A6780 /* title_secmenkunyesi.png */; };
		05C3089E165151B2000A6780 /* title_secmenkunyesi@2x.png in Resources */ = {isa = PBXBuildFile; fileRef = 05C30896165151B2000A6780 /* title_secmenkunyesi@2x.png */; };
		05D0B718164D23D10041D665 /* header_shadow.png in Resources */ = {isa = PBXBuildFile; fileRef = 05D0B716164D23D10041D665 /* header_shadow.png */; };
		05D0B719164D23D10041D665 /* header_shadow@2x.png in Resources */ = {isa = PBXBuildFile; fileRef = 05D0B717164D23D10041D665 /* header_shadow@2x.png */; };
		05D0B71C164D29BE0041D665 /* SandikNavigationViewController.m in Sources */ = {isa = PBXBuildFile; fileRef = 05D0B71B164D29BE0041D665 /* SandikNavigationViewController.m */; };
		05D0B723164D32180041D665 /* icon_muhtar.png in Resources */ = {isa = PBXBuildFile; fileRef = 05D0B71D164D32180041D665 /* icon_muhtar.png */; };
		05D0B724164D32180041D665 /* icon_muhtar@2x.png in Resources */ = {isa = PBXBuildFile; fileRef = 05D0B71E164D32180041D665 /* icon_muhtar@2x.png */; };
		05D0B725164D32180041D665 /* icon_okul.png in Resources */ = {isa = PBXBuildFile; fileRef = 05D0B71F164D32180041D665 /* icon_okul.png */; };
		05D0B726164D32180041D665 /* icon_okul@2x.png in Resources */ = {isa = PBXBuildFile; fileRef = 05D0B720164D32180041D665 /* icon_okul@2x.png */; };
		05D0B727164D32180041D665 /* icon_secmen.png in Resources */ = {isa = PBXBuildFile; fileRef = 05D0B721164D32180041D665 /* icon_secmen.png */; };
		05D0B728164D32180041D665 /* icon_secmen@2x.png in Resources */ = {isa = PBXBuildFile; fileRef = 05D0B722164D32180041D665 /* icon_secmen@2x.png */; };
		05D0B73B164D36FD0041D665 /* icon_sandik.png in Resources */ = {isa = PBXBuildFile; fileRef = 05D0B739164D36FD0041D665 /* icon_sandik.png */; };
		05D0B73C164D36FD0041D665 /* icon_sandik@2x.png in Resources */ = {isa = PBXBuildFile; fileRef = 05D0B73A164D36FD0041D665 /* icon_sandik@2x.png */; };
		4104C1F6164BF8EE00520218 /* APIManager.m in Sources */ = {isa = PBXBuildFile; fileRef = 4104C1F5164BF8EE00520218 /* APIManager.m */; };
		416A7DA0165141BC0005E9E3 /* NSData+Base64.m in Sources */ = {isa = PBXBuildFile; fileRef = 416A7D8E165141BC0005E9E3 /* NSData+Base64.m */; };
		416A7DA1165141BC0005E9E3 /* NSDate+RFC1123.m in Sources */ = {isa = PBXBuildFile; fileRef = 416A7D90165141BC0005E9E3 /* NSDate+RFC1123.m */; };
		416A7DA2165141BC0005E9E3 /* NSDictionary+RequestEncoding.m in Sources */ = {isa = PBXBuildFile; fileRef = 416A7D92165141BC0005E9E3 /* NSDictionary+RequestEncoding.m */; };
		416A7DA3165141BC0005E9E3 /* NSString+MKNetworkKitAdditions.m in Sources */ = {isa = PBXBuildFile; fileRef = 416A7D94165141BC0005E9E3 /* NSString+MKNetworkKitAdditions.m */; };
		416A7DA4165141BC0005E9E3 /* UIAlertView+MKNetworkKitAdditions.m in Sources */ = {isa = PBXBuildFile; fileRef = 416A7D96165141BC0005E9E3 /* UIAlertView+MKNetworkKitAdditions.m */; };
		416A7DA5165141BC0005E9E3 /* MKNetworkEngine.m in Sources */ = {isa = PBXBuildFile; fileRef = 416A7D98165141BC0005E9E3 /* MKNetworkEngine.m */; };
		416A7DA6165141BC0005E9E3 /* MKNetworkOperation.m in Sources */ = {isa = PBXBuildFile; fileRef = 416A7D9B165141BC0005E9E3 /* MKNetworkOperation.m */; };
		416A7DA7165141BC0005E9E3 /* Reachability.m in Sources */ = {isa = PBXBuildFile; fileRef = 416A7D9E165141BC0005E9E3 /* Reachability.m */; };
		416A7DAA165143940005E9E3 /* CFNetwork.framework in Frameworks */ = {isa = PBXBuildFile; fileRef = 416A7DA9165143940005E9E3 /* CFNetwork.framework */; };
		416A7DAC1651439C0005E9E3 /* SystemConfiguration.framework in Frameworks */ = {isa = PBXBuildFile; fileRef = 416A7DAB1651439C0005E9E3 /* SystemConfiguration.framework */; };
		416A7DAE165143A90005E9E3 /* Security.framework in Frameworks */ = {isa = PBXBuildFile; fileRef = 416A7DAD165143A90005E9E3 /* Security.framework */; };
/* End PBXBuildFile section */

/* Begin PBXFileReference section */
		050DDEEB1765FA8200363603 /* SandikLoginViewController.h */ = {isa = PBXFileReference; fileEncoding = 4; lastKnownFileType = sourcecode.c.h; path = SandikLoginViewController.h; sourceTree = "<group>"; };
		050DDEEC1765FA8200363603 /* SandikLoginViewController.m */ = {isa = PBXFileReference; fileEncoding = 4; lastKnownFileType = sourcecode.c.objc; path = SandikLoginViewController.m; sourceTree = "<group>"; };
		053E4973164D944700053418 /* Neighbour.h */ = {isa = PBXFileReference; fileEncoding = 4; lastKnownFileType = sourcecode.c.h; path = Neighbour.h; sourceTree = "<group>"; };
		053E4974164D944700053418 /* Neighbour.m */ = {isa = PBXFileReference; fileEncoding = 4; lastKnownFileType = sourcecode.c.objc; path = Neighbour.m; sourceTree = "<group>"; };
		0543E828164BB72D00255154 /* e-Secmen.app */ = {isa = PBXFileReference; explicitFileType = wrapper.application; includeInIndex = 0; path = "e-Secmen.app"; sourceTree = BUILT_PRODUCTS_DIR; };
		0543E82C164BB72D00255154 /* UIKit.framework */ = {isa = PBXFileReference; lastKnownFileType = wrapper.framework; name = UIKit.framework; path = System/Library/Frameworks/UIKit.framework; sourceTree = SDKROOT; };
		0543E82E164BB72D00255154 /* Foundation.framework */ = {isa = PBXFileReference; lastKnownFileType = wrapper.framework; name = Foundation.framework; path = System/Library/Frameworks/Foundation.framework; sourceTree = SDKROOT; };
		0543E830164BB72D00255154 /* CoreGraphics.framework */ = {isa = PBXFileReference; lastKnownFileType = wrapper.framework; name = CoreGraphics.framework; path = System/Library/Frameworks/CoreGraphics.framework; sourceTree = SDKROOT; };
		0543E834164BB72D00255154 /* e-Secmen-Info.plist */ = {isa = PBXFileReference; lastKnownFileType = text.plist.xml; path = "e-Secmen-Info.plist"; sourceTree = "<group>"; };
		0543E836164BB72D00255154 /* en */ = {isa = PBXFileReference; lastKnownFileType = text.plist.strings; name = en; path = en.lproj/InfoPlist.strings; sourceTree = "<group>"; };
		0543E838164BB72D00255154 /* main.m */ = {isa = PBXFileReference; lastKnownFileType = sourcecode.c.objc; path = main.m; sourceTree = "<group>"; };
		0543E83A164BB72D00255154 /* e-Secmen-Prefix.pch */ = {isa = PBXFileReference; lastKnownFileType = sourcecode.c.h; path = "e-Secmen-Prefix.pch"; sourceTree = "<group>"; };
		0543E83B164BB72D00255154 /* SandikAppDelegate.h */ = {isa = PBXFileReference; lastKnownFileType = sourcecode.c.h; path = SandikAppDelegate.h; sourceTree = "<group>"; };
		0543E83C164BB72D00255154 /* SandikAppDelegate.m */ = {isa = PBXFileReference; lastKnownFileType = sourcecode.c.objc; path = SandikAppDelegate.m; sourceTree = "<group>"; };
		0543E845164BB72D00255154 /* en */ = {isa = PBXFileReference; lastKnownFileType = file.storyboard; name = en; path = en.lproj/MainStoryboard_iPhone.storyboard; sourceTree = "<group>"; };
		0543E869164BD6E100255154 /* SandikKunyeViewController.h */ = {isa = PBXFileReference; fileEncoding = 4; lastKnownFileType = sourcecode.c.h; path = SandikKunyeViewController.h; sourceTree = "<group>"; };
		0543E86A164BD6E100255154 /* SandikKunyeViewController.m */ = {isa = PBXFileReference; fileEncoding = 4; lastKnownFileType = sourcecode.c.objc; path = SandikKunyeViewController.m; sourceTree = "<group>"; };
		0543E86C164BD70100255154 /* SandikBinaBilgisiViewController.h */ = {isa = PBXFileReference; fileEncoding = 4; lastKnownFileType = sourcecode.c.h; path = SandikBinaBilgisiViewController.h; sourceTree = "<group>"; };
		0543E86D164BD70100255154 /* SandikBinaBilgisiViewController.m */ = {isa = PBXFileReference; fileEncoding = 4; lastKnownFileType = sourcecode.c.objc; path = SandikBinaBilgisiViewController.m; sourceTree = "<group>"; };
		0543E86F164BD71E00255154 /* SandikSecmenlerViewController.h */ = {isa = PBXFileReference; fileEncoding = 4; lastKnownFileType = sourcecode.c.h; path = SandikSecmenlerViewController.h; sourceTree = "<group>"; };
		0543E870164BD71E00255154 /* SandikSecmenlerViewController.m */ = {isa = PBXFileReference; fileEncoding = 4; lastKnownFileType = sourcecode.c.objc; path = SandikSecmenlerViewController.m; sourceTree = "<group>"; };
		0543E88A164BE58B00255154 /* Voter.h */ = {isa = PBXFileReference; fileEncoding = 4; lastKnownFileType = sourcecode.c.h; path = Voter.h; sourceTree = "<group>"; };
		0543E88B164BE58B00255154 /* Voter.m */ = {isa = PBXFileReference; fileEncoding = 4; lastKnownFileType = sourcecode.c.objc; path = Voter.m; sourceTree = "<group>"; };
		0543E88E164BEA2B00255154 /* icon_boxlist@2x.png */ = {isa = PBXFileReference; lastKnownFileType = image.png; path = "icon_boxlist@2x.png"; sourceTree = "<group>"; };
		0543E88F164BEA2B00255154 /* icon_voter@2x.png */ = {isa = PBXFileReference; lastKnownFileType = image.png; path = "icon_voter@2x.png"; sourceTree = "<group>"; };
		0543E890164BEA2B00255154 /* icon_voterlist@2x.png */ = {isa = PBXFileReference; lastKnownFileType = image.png; path = "icon_voterlist@2x.png"; sourceTree = "<group>"; };
		0543E89B164BED3500255154 /* icon_boxlist.png */ = {isa = PBXFileReference; lastKnownFileType = image.png; path = icon_boxlist.png; sourceTree = "<group>"; };
		0543E89C164BED3500255154 /* icon_voter.png */ = {isa = PBXFileReference; lastKnownFileType = image.png; path = icon_voter.png; sourceTree = "<group>"; };
		0543E89D164BED3500255154 /* icon_voterlist.png */ = {isa = PBXFileReference; lastKnownFileType = image.png; path = icon_voterlist.png; sourceTree = "<group>"; };
		0543E8A1164BEE8800255154 /* mainbg.png */ = {isa = PBXFileReference; lastKnownFileType = image.png; path = mainbg.png; sourceTree = "<group>"; };
		0543E8A2164BEE8800255154 /* mainbg@2x.png */ = {isa = PBXFileReference; lastKnownFileType = image.png; path = "mainbg@2x.png"; sourceTree = "<group>"; };
		0543E8A5164BEF1700255154 /* main_chp_yatay.png */ = {isa = PBXFileReference; lastKnownFileType = image.png; path = main_chp_yatay.png; sourceTree = "<group>"; };
		0543E8A6164BEF1800255154 /* main_chp_yatay@2x.png */ = {isa = PBXFileReference; lastKnownFileType = image.png; path = "main_chp_yatay@2x.png"; sourceTree = "<group>"; };
		0543E8A9164BF25A00255154 /* tcinput_bg.png */ = {isa = PBXFileReference; lastKnownFileType = image.png; path = tcinput_bg.png; sourceTree = "<group>"; };
		0543E8AA164BF25A00255154 /* tcinput_bg@2x.png */ = {isa = PBXFileReference; lastKnownFileType = image.png; path = "tcinput_bg@2x.png"; sourceTree = "<group>"; };
		0543E8AD164BF43400255154 /* main_btn_hover.png */ = {isa = PBXFileReference; lastKnownFileType = image.png; path = main_btn_hover.png; sourceTree = "<group>"; };
		0543E8AE164BF43400255154 /* main_btn_hover@2x.png */ = {isa = PBXFileReference; lastKnownFileType = image.png; path = "main_btn_hover@2x.png"; sourceTree = "<group>"; };
		0543E8AF164BF43400255154 /* main_btn_normal.png */ = {isa = PBXFileReference; lastKnownFileType = image.png; path = main_btn_normal.png; sourceTree = "<group>"; };
		0543E8B0164BF43400255154 /* main_btn_normal@2x.png */ = {isa = PBXFileReference; lastKnownFileType = image.png; path = "main_btn_normal@2x.png"; sourceTree = "<group>"; };
		0543E8B5164BFAC500255154 /* header_bg.png */ = {isa = PBXFileReference; lastKnownFileType = image.png; path = header_bg.png; sourceTree = "<group>"; };
		0543E8B6164BFAC600255154 /* header_bg@2x.png */ = {isa = PBXFileReference; lastKnownFileType = image.png; path = "header_bg@2x.png"; sourceTree = "<group>"; };
		0543E8B9164BFD8200255154 /* SandikSorguViewController.h */ = {isa = PBXFileReference; fileEncoding = 4; lastKnownFileType = sourcecode.c.h; path = SandikSorguViewController.h; sourceTree = "<group>"; };
		0543E8BA164BFD8300255154 /* SandikSorguViewController.m */ = {isa = PBXFileReference; fileEncoding = 4; lastKnownFileType = sourcecode.c.objc; path = SandikSorguViewController.m; sourceTree = "<group>"; };
		0543E8BC164BFEBD00255154 /* SandikTabBarViewController.h */ = {isa = PBXFileReference; fileEncoding = 4; lastKnownFileType = sourcecode.c.h; path = SandikTabBarViewController.h; sourceTree = "<group>"; };
		0543E8BD164BFEBD00255154 /* SandikTabBarViewController.m */ = {isa = PBXFileReference; fileEncoding = 4; lastKnownFileType = sourcecode.c.objc; path = SandikTabBarViewController.m; sourceTree = "<group>"; };
		05488A46168D8CC10076BB74 /* mainbg-568h@2x.png */ = {isa = PBXFileReference; lastKnownFileType = image.png; path = "mainbg-568h@2x.png"; sourceTree = "<group>"; };
		0552B4D9176F3ECF00AB7539 /* RNCryptor+Private.h */ = {isa = PBXFileReference; fileEncoding = 4; lastKnownFileType = sourcecode.c.h; path = "RNCryptor+Private.h"; sourceTree = "<group>"; };
		0552B4DA176F3ECF00AB7539 /* RNCryptor-Prefix.pch */ = {isa = PBXFileReference; fileEncoding = 4; lastKnownFileType = sourcecode.c.h; path = "RNCryptor-Prefix.pch"; sourceTree = "<group>"; };
		0552B4DB176F3ECF00AB7539 /* RNCryptor.h */ = {isa = PBXFileReference; fileEncoding = 4; lastKnownFileType = sourcecode.c.h; path = RNCryptor.h; sourceTree = "<group>"; };
		0552B4DC176F3ECF00AB7539 /* RNCryptor.m */ = {isa = PBXFileReference; fileEncoding = 4; lastKnownFileType = sourcecode.c.objc; path = RNCryptor.m; sourceTree = "<group>"; };
		0552B4DD176F3ECF00AB7539 /* RNCryptorEngine.h */ = {isa = PBXFileReference; fileEncoding = 4; lastKnownFileType = sourcecode.c.h; path = RNCryptorEngine.h; sourceTree = "<group>"; };
		0552B4DE176F3ECF00AB7539 /* RNCryptorEngine.m */ = {isa = PBXFileReference; fileEncoding = 4; lastKnownFileType = sourcecode.c.objc; path = RNCryptorEngine.m; sourceTree = "<group>"; };
		0552B4DF176F3ECF00AB7539 /* RNDecryptor.h */ = {isa = PBXFileReference; fileEncoding = 4; lastKnownFileType = sourcecode.c.h; path = RNDecryptor.h; sourceTree = "<group>"; };
		0552B4E0176F3ECF00AB7539 /* RNDecryptor.m */ = {isa = PBXFileReference; fileEncoding = 4; lastKnownFileType = sourcecode.c.objc; path = RNDecryptor.m; sourceTree = "<group>"; };
		0552B4E1176F3ECF00AB7539 /* RNEncryptor.h */ = {isa = PBXFileReference; fileEncoding = 4; lastKnownFileType = sourcecode.c.h; path = RNEncryptor.h; sourceTree = "<group>"; };
		0552B4E2176F3ECF00AB7539 /* RNEncryptor.m */ = {isa = PBXFileReference; fileEncoding = 4; lastKnownFileType = sourcecode.c.objc; path = RNEncryptor.m; sourceTree = "<group>"; };
		0552B4E3176F3ECF00AB7539 /* RNOpenSSLCryptor.h */ = {isa = PBXFileReference; fileEncoding = 4; lastKnownFileType = sourcecode.c.h; path = RNOpenSSLCryptor.h; sourceTree = "<group>"; };
		0552B4E4176F3ECF00AB7539 /* RNOpenSSLCryptor.m */ = {isa = PBXFileReference; fileEncoding = 4; lastKnownFileType = sourcecode.c.objc; path = RNOpenSSLCryptor.m; sourceTree = "<group>"; };
		0552B4E5176F3ECF00AB7539 /* RNOpenSSLDecryptor.h */ = {isa = PBXFileReference; fileEncoding = 4; lastKnownFileType = sourcecode.c.h; path = RNOpenSSLDecryptor.h; sourceTree = "<group>"; };
		0552B4E6176F3ECF00AB7539 /* RNOpenSSLDecryptor.m */ = {isa = PBXFileReference; fileEncoding = 4; lastKnownFileType = sourcecode.c.objc; path = RNOpenSSLDecryptor.m; sourceTree = "<group>"; };
		0552B4E7176F3ECF00AB7539 /* RNOpenSSLEncryptor.h */ = {isa = PBXFileReference; fileEncoding = 4; lastKnownFileType = sourcecode.c.h; path = RNOpenSSLEncryptor.h; sourceTree = "<group>"; };
		0552B4E8176F3ECF00AB7539 /* RNOpenSSLEncryptor.m */ = {isa = PBXFileReference; fileEncoding = 4; lastKnownFileType = sourcecode.c.objc; path = RNOpenSSLEncryptor.m; sourceTree = "<group>"; };
		05A568B118CA169200148218 /* Icon-Small.png */ = {isa = PBXFileReference; lastKnownFileType = image.png; path = "Icon-Small.png"; sourceTree = SOURCE_ROOT; };
		05A568B218CA169200148218 /* Icon-Small@2x.png */ = {isa = PBXFileReference; lastKnownFileType = image.png; path = "Icon-Small@2x.png"; sourceTree = SOURCE_ROOT; };
		05A568B318CA169200148218 /* Icon.png */ = {isa = PBXFileReference; lastKnownFileType = image.png; path = Icon.png; sourceTree = SOURCE_ROOT; };
		05A568B418CA169200148218 /* Icon@2x.png */ = {isa = PBXFileReference; lastKnownFileType = image.png; path = "Icon@2x.png"; sourceTree = SOURCE_ROOT; };
		05A568B918CA17AB00148218 /* AppIcon40x40.png */ = {isa = PBXFileReference; lastKnownFileType = image.png; path = AppIcon40x40.png; sourceTree = SOURCE_ROOT; };
		05A568BA18CA17AB00148218 /* AppIcon40x40@2x.png */ = {isa = PBXFileReference; lastKnownFileType = image.png; path = "AppIcon40x40@2x.png"; sourceTree = SOURCE_ROOT; };
		05A568BB18CA17AB00148218 /* AppIcon60x60.png */ = {isa = PBXFileReference; lastKnownFileType = image.png; path = AppIcon60x60.png; sourceTree = SOURCE_ROOT; };
		05A568BC18CA17AB00148218 /* AppIcon60x60@2x.png */ = {isa = PBXFileReference; lastKnownFileType = image.png; path = "AppIcon60x60@2x.png"; sourceTree = SOURCE_ROOT; };
		05A568BD18CA17AB00148218 /* AppIcon76x76.png */ = {isa = PBXFileReference; lastKnownFileType = image.png; path = AppIcon76x76.png; sourceTree = SOURCE_ROOT; };
		05A568BE18CA17AB00148218 /* AppIcon76x76@2x.png */ = {isa = PBXFileReference; lastKnownFileType = image.png; path = "AppIcon76x76@2x.png"; sourceTree = SOURCE_ROOT; };
		05BA1B8516524230006E6B38 /* cell_bg.png */ = {isa = PBXFileReference; lastKnownFileType = image.png; path = cell_bg.png; sourceTree = "<group>"; };
		05BA1B8616524230006E6B38 /* cell_bg@2x.png */ = {isa = PBXFileReference; lastKnownFileType = image.png; path = "cell_bg@2x.png"; sourceTree = "<group>"; };
		05BA1B8A16524939006E6B38 /* QuartzCore.framework */ = {isa = PBXFileReference; lastKnownFileType = wrapper.framework; name = QuartzCore.framework; path = System/Library/Frameworks/QuartzCore.framework; sourceTree = SDKROOT; };
		05BA1B8C16524E55006E6B38 /* cell_tile_bg.png */ = {isa = PBXFileReference; lastKnownFileType = image.png; path = cell_tile_bg.png; sourceTree = "<group>"; };
		05BA1B8D16524E55006E6B38 /* cell_tile_bg@2x.png */ = {isa = PBXFileReference; lastKnownFileType = image.png; path = "cell_tile_bg@2x.png"; sourceTree = "<group>"; };
		05BA1BB11652923E006E6B38 /* Default-568h@2x.png */ = {isa = PBXFileReference; lastKnownFileType = image.png; path = "Default-568h@2x.png"; sourceTree = "<group>"; };
		05BA1BB21652923E006E6B38 /* Default.png */ = {isa = PBXFileReference; lastKnownFileType = image.png; path = Default.png; sourceTree = "<group>"; };
		05BA1BB31652923E006E6B38 /* Default@2x.png */ = {isa = PBXFileReference; lastKnownFileType = image.png; path = "Default@2x.png"; sourceTree = "<group>"; };
		05C3087A1650E2FA000A6780 /* btn_back_hover.png */ = {isa = PBXFileReference; lastKnownFileType = image.png; path = btn_back_hover.png; sourceTree = "<group>"; };
		05C3087B1650E2FA000A6780 /* btn_back_hover@2x.png */ = {isa = PBXFileReference; lastKnownFileType = image.png; path = "btn_back_hover@2x.png"; sourceTree = "<group>"; };
		05C3087C1650E2FA000A6780 /* btn_back_normal.png */ = {isa = PBXFileReference; lastKnownFileType = image.png; path = btn_back_normal.png; sourceTree = "<group>"; };
		05C3087D1650E2FA000A6780 /* btn_back_normal@2x.png */ = {isa = PBXFileReference; lastKnownFileType = image.png; path = "btn_back_normal@2x.png"; sourceTree = "<group>"; };
		05C3088316512D97000A6780 /* seperator.png */ = {isa = PBXFileReference; lastKnownFileType = image.png; path = seperator.png; sourceTree = "<group>"; };
		05C3088416512D97000A6780 /* seperator@2x.png */ = {isa = PBXFileReference; lastKnownFileType = image.png; path = "seperator@2x.png"; sourceTree = "<group>"; };
		05C30887165132A3000A6780 /* bina_numara.png */ = {isa = PBXFileReference; lastKnownFileType = image.png; path = bina_numara.png; sourceTree = "<group>"; };
		05C30888165132A3000A6780 /* bina_numara@2x.png */ = {isa = PBXFileReference; lastKnownFileType = image.png; path = "bina_numara@2x.png"; sourceTree = "<group>"; };
		05C3088F165151B1000A6780 /* title_binabilgisi.png */ = {isa = PBXFileReference; lastKnownFileType = image.png; path = title_binabilgisi.png; sourceTree = "<group>"; };
		05C30890165151B2000A6780 /* title_binabilgisi@2x.png */ = {isa = PBXFileReference; lastKnownFileType = image.png; path = "title_binabilgisi@2x.png"; sourceTree = "<group>"; };
		05C30891165151B2000A6780 /* title_esandik.png */ = {isa = PBXFileReference; lastKnownFileType = image.png; path = title_esandik.png; sourceTree = "<group>"; };
		05C30892165151B2000A6780 /* title_esandik@2x.png */ = {isa = PBXFileReference; lastKnownFileType = image.png; path = "title_esandik@2x.png"; sourceTree = "<group>"; };
		05C30893165151B2000A6780 /* title_sandikbilgisi.png */ = {isa = PBXFileReference; lastKnownFileType = image.png; path = title_sandikbilgisi.png; sourceTree = "<group>"; };
		05C30894165151B2000A6780 /* title_sandikbilgisi@2x.png */ = {isa = PBXFileReference; lastKnownFileType = image.png; path = "title_sandikbilgisi@2x.png"; sourceTree = "<group>"; };
		05C30895165151B2000A6780 /* title_secmenkunyesi.png */ = {isa = PBXFileReference; lastKnownFileType = image.png; path = title_secmenkunyesi.png; sourceTree = "<group>"; };
		05C30896165151B2000A6780 /* title_secmenkunyesi@2x.png */ = {isa = PBXFileReference; lastKnownFileType = image.png; path = "title_secmenkunyesi@2x.png"; sourceTree = "<group>"; };
		05D0B716164D23D10041D665 /* header_shadow.png */ = {isa = PBXFileReference; lastKnownFileType = image.png; path = header_shadow.png; sourceTree = "<group>"; };
		05D0B717164D23D10041D665 /* header_shadow@2x.png */ = {isa = PBXFileReference; lastKnownFileType = image.png; path = "header_shadow@2x.png"; sourceTree = "<group>"; };
		05D0B71A164D29BE0041D665 /* SandikNavigationViewController.h */ = {isa = PBXFileReference; fileEncoding = 4; lastKnownFileType = sourcecode.c.h; path = SandikNavigationViewController.h; sourceTree = "<group>"; };
		05D0B71B164D29BE0041D665 /* SandikNavigationViewController.m */ = {isa = PBXFileReference; fileEncoding = 4; lastKnownFileType = sourcecode.c.objc; path = SandikNavigationViewController.m; sourceTree = "<group>"; };
		05D0B71D164D32180041D665 /* icon_muhtar.png */ = {isa = PBXFileReference; lastKnownFileType = image.png; path = icon_muhtar.png; sourceTree = "<group>"; };
		05D0B71E164D32180041D665 /* icon_muhtar@2x.png */ = {isa = PBXFileReference; lastKnownFileType = image.png; path = "icon_muhtar@2x.png"; sourceTree = "<group>"; };
		05D0B71F164D32180041D665 /* icon_okul.png */ = {isa = PBXFileReference; lastKnownFileType = image.png; path = icon_okul.png; sourceTree = "<group>"; };
		05D0B720164D32180041D665 /* icon_okul@2x.png */ = {isa = PBXFileReference; lastKnownFileType = image.png; path = "icon_okul@2x.png"; sourceTree = "<group>"; };
		05D0B721164D32180041D665 /* icon_secmen.png */ = {isa = PBXFileReference; lastKnownFileType = image.png; path = icon_secmen.png; sourceTree = "<group>"; };
		05D0B722164D32180041D665 /* icon_secmen@2x.png */ = {isa = PBXFileReference; lastKnownFileType = image.png; path = "icon_secmen@2x.png"; sourceTree = "<group>"; };
		05D0B739164D36FD0041D665 /* icon_sandik.png */ = {isa = PBXFileReference; lastKnownFileType = image.png; path = icon_sandik.png; sourceTree = "<group>"; };
		05D0B73A164D36FD0041D665 /* icon_sandik@2x.png */ = {isa = PBXFileReference; lastKnownFileType = image.png; path = "icon_sandik@2x.png"; sourceTree = "<group>"; };
		4104C1F4164BF8EE00520218 /* APIManager.h */ = {isa = PBXFileReference; fileEncoding = 4; lastKnownFileType = sourcecode.c.h; path = APIManager.h; sourceTree = "<group>"; };
		4104C1F5164BF8EE00520218 /* APIManager.m */ = {isa = PBXFileReference; fileEncoding = 4; lastKnownFileType = sourcecode.c.objc; path = APIManager.m; sourceTree = "<group>"; };
		416A7D8D165141BC0005E9E3 /* NSData+Base64.h */ = {isa = PBXFileReference; fileEncoding = 4; lastKnownFileType = sourcecode.c.h; path = "NSData+Base64.h"; sourceTree = "<group>"; };
		416A7D8E165141BC0005E9E3 /* NSData+Base64.m */ = {isa = PBXFileReference; fileEncoding = 4; lastKnownFileType = sourcecode.c.objc; path = "NSData+Base64.m"; sourceTree = "<group>"; };
		416A7D8F165141BC0005E9E3 /* NSDate+RFC1123.h */ = {isa = PBXFileReference; fileEncoding = 4; lastKnownFileType = sourcecode.c.h; path = "NSDate+RFC1123.h"; sourceTree = "<group>"; };
		416A7D90165141BC0005E9E3 /* NSDate+RFC1123.m */ = {isa = PBXFileReference; fileEncoding = 4; lastKnownFileType = sourcecode.c.objc; path = "NSDate+RFC1123.m"; sourceTree = "<group>"; };
		416A7D91165141BC0005E9E3 /* NSDictionary+RequestEncoding.h */ = {isa = PBXFileReference; fileEncoding = 4; lastKnownFileType = sourcecode.c.h; path = "NSDictionary+RequestEncoding.h"; sourceTree = "<group>"; };
		416A7D92165141BC0005E9E3 /* NSDictionary+RequestEncoding.m */ = {isa = PBXFileReference; fileEncoding = 4; lastKnownFileType = sourcecode.c.objc; path = "NSDictionary+RequestEncoding.m"; sourceTree = "<group>"; };
		416A7D93165141BC0005E9E3 /* NSString+MKNetworkKitAdditions.h */ = {isa = PBXFileReference; fileEncoding = 4; lastKnownFileType = sourcecode.c.h; path = "NSString+MKNetworkKitAdditions.h"; sourceTree = "<group>"; };
		416A7D94165141BC0005E9E3 /* NSString+MKNetworkKitAdditions.m */ = {isa = PBXFileReference; fileEncoding = 4; lastKnownFileType = sourcecode.c.objc; path = "NSString+MKNetworkKitAdditions.m"; sourceTree = "<group>"; };
		416A7D95165141BC0005E9E3 /* UIAlertView+MKNetworkKitAdditions.h */ = {isa = PBXFileReference; fileEncoding = 4; lastKnownFileType = sourcecode.c.h; path = "UIAlertView+MKNetworkKitAdditions.h"; sourceTree = "<group>"; };
		416A7D96165141BC0005E9E3 /* UIAlertView+MKNetworkKitAdditions.m */ = {isa = PBXFileReference; fileEncoding = 4; lastKnownFileType = sourcecode.c.objc; path = "UIAlertView+MKNetworkKitAdditions.m"; sourceTree = "<group>"; };
		416A7D97165141BC0005E9E3 /* MKNetworkEngine.h */ = {isa = PBXFileReference; fileEncoding = 4; lastKnownFileType = sourcecode.c.h; path = MKNetworkEngine.h; sourceTree = "<group>"; };
		416A7D98165141BC0005E9E3 /* MKNetworkEngine.m */ = {isa = PBXFileReference; fileEncoding = 4; lastKnownFileType = sourcecode.c.objc; path = MKNetworkEngine.m; sourceTree = "<group>"; };
		416A7D99165141BC0005E9E3 /* MKNetworkKit.h */ = {isa = PBXFileReference; fileEncoding = 4; lastKnownFileType = sourcecode.c.h; path = MKNetworkKit.h; sourceTree = "<group>"; };
		416A7D9A165141BC0005E9E3 /* MKNetworkOperation.h */ = {isa = PBXFileReference; fileEncoding = 4; lastKnownFileType = sourcecode.c.h; path = MKNetworkOperation.h; sourceTree = "<group>"; };
		416A7D9B165141BC0005E9E3 /* MKNetworkOperation.m */ = {isa = PBXFileReference; fileEncoding = 4; lastKnownFileType = sourcecode.c.objc; path = MKNetworkOperation.m; sourceTree = "<group>"; };
		416A7D9D165141BC0005E9E3 /* Reachability.h */ = {isa = PBXFileReference; fileEncoding = 4; lastKnownFileType = sourcecode.c.h; path = Reachability.h; sourceTree = "<group>"; };
		416A7D9E165141BC0005E9E3 /* Reachability.m */ = {isa = PBXFileReference; fileEncoding = 4; lastKnownFileType = sourcecode.c.objc; path = Reachability.m; sourceTree = "<group>"; };
		416A7DA9165143940005E9E3 /* CFNetwork.framework */ = {isa = PBXFileReference; lastKnownFileType = wrapper.framework; name = CFNetwork.framework; path = System/Library/Frameworks/CFNetwork.framework; sourceTree = SDKROOT; };
		416A7DAB1651439C0005E9E3 /* SystemConfiguration.framework */ = {isa = PBXFileReference; lastKnownFileType = wrapper.framework; name = SystemConfiguration.framework; path = System/Library/Frameworks/SystemConfiguration.framework; sourceTree = SDKROOT; };
		416A7DAD165143A90005E9E3 /* Security.framework */ = {isa = PBXFileReference; lastKnownFileType = wrapper.framework; name = Security.framework; path = System/Library/Frameworks/Security.framework; sourceTree = SDKROOT; };
/* End PBXFileReference section */

/* Begin PBXFrameworksBuildPhase section */
		0543E825164BB72D00255154 /* Frameworks */ = {
			isa = PBXFrameworksBuildPhase;
			buildActionMask = 2147483647;
			files = (
				05BA1B8B16524939006E6B38 /* QuartzCore.framework in Frameworks */,
				416A7DAE165143A90005E9E3 /* Security.framework in Frameworks */,
				416A7DAC1651439C0005E9E3 /* SystemConfiguration.framework in Frameworks */,
				416A7DAA165143940005E9E3 /* CFNetwork.framework in Frameworks */,
				0543E82D164BB72D00255154 /* UIKit.framework in Frameworks */,
				0543E82F164BB72D00255154 /* Foundation.framework in Frameworks */,
				0543E831164BB72D00255154 /* CoreGraphics.framework in Frameworks */,
			);
			runOnlyForDeploymentPostprocessing = 0;
		};
/* End PBXFrameworksBuildPhase section */

/* Begin PBXGroup section */
		0543E81D164BB72D00255154 = {
			isa = PBXGroup;
			children = (
				0543E832164BB72D00255154 /* e-Sandik */,
				0543E82B164BB72D00255154 /* Frameworks */,
				0543E829164BB72D00255154 /* Products */,
			);
			sourceTree = "<group>";
		};
		0543E829164BB72D00255154 /* Products */ = {
			isa = PBXGroup;
			children = (
				0543E828164BB72D00255154 /* e-Secmen.app */,
			);
			name = Products;
			sourceTree = "<group>";
		};
		0543E82B164BB72D00255154 /* Frameworks */ = {
			isa = PBXGroup;
			children = (
				05BA1B8A16524939006E6B38 /* QuartzCore.framework */,
				416A7DAD165143A90005E9E3 /* Security.framework */,
				416A7DAB1651439C0005E9E3 /* SystemConfiguration.framework */,
				416A7DA9165143940005E9E3 /* CFNetwork.framework */,
				0543E82C164BB72D00255154 /* UIKit.framework */,
				0543E82E164BB72D00255154 /* Foundation.framework */,
				0543E830164BB72D00255154 /* CoreGraphics.framework */,
			);
			name = Frameworks;
			sourceTree = "<group>";
		};
		0543E832164BB72D00255154 /* e-Sandik */ = {
			isa = PBXGroup;
			children = (
				416A7DB31651470E0005E9E3 /* Models */,
				416A7DB5165147180005E9E3 /* Controllers */,
				416A7D89165141BC0005E9E3 /* MKNetworkKit */,
				0543E8BF164BFECF00255154 /* Images */,
				0543E844164BB72D00255154 /* MainStoryboard_iPhone.storyboard */,
				0543E83B164BB72D00255154 /* SandikAppDelegate.h */,
				0543E83C164BB72D00255154 /* SandikAppDelegate.m */,
				0552B4D8176F3ECF00AB7539 /* RNCryptor */,
				0543E833164BB72D00255154 /* Supporting Files */,
				4104C1F4164BF8EE00520218 /* APIManager.h */,
				4104C1F5164BF8EE00520218 /* APIManager.m */,
			);
			path = "e-Sandik";
			sourceTree = "<group>";
		};
		0543E833164BB72D00255154 /* Supporting Files */ = {
			isa = PBXGroup;
			children = (
				0543E834164BB72D00255154 /* e-Secmen-Info.plist */,
				0543E835164BB72D00255154 /* InfoPlist.strings */,
				0543E838164BB72D00255154 /* main.m */,
				0543E83A164BB72D00255154 /* e-Secmen-Prefix.pch */,
			);
			name = "Supporting Files";
			sourceTree = "<group>";
		};
		0543E8BF164BFECF00255154 /* Images */ = {
			isa = PBXGroup;
			children = (
				05A568B918CA17AB00148218 /* AppIcon40x40.png */,
				05A568BA18CA17AB00148218 /* AppIcon40x40@2x.png */,
				05A568BB18CA17AB00148218 /* AppIcon60x60.png */,
				05A568BC18CA17AB00148218 /* AppIcon60x60@2x.png */,
				05A568BD18CA17AB00148218 /* AppIcon76x76.png */,
				05A568BE18CA17AB00148218 /* AppIcon76x76@2x.png */,
				05A568B118CA169200148218 /* Icon-Small.png */,
				05A568B218CA169200148218 /* Icon-Small@2x.png */,
				05A568B318CA169200148218 /* Icon.png */,
				05A568B418CA169200148218 /* Icon@2x.png */,
				05BA1BB11652923E006E6B38 /* Default-568h@2x.png */,
				05BA1BB21652923E006E6B38 /* Default.png */,
				05BA1BB31652923E006E6B38 /* Default@2x.png */,
				0543E88E164BEA2B00255154 /* icon_boxlist@2x.png */,
				0543E88F164BEA2B00255154 /* icon_voter@2x.png */,
				0543E890164BEA2B00255154 /* icon_voterlist@2x.png */,
				0543E89B164BED3500255154 /* icon_boxlist.png */,
				0543E89C164BED3500255154 /* icon_voter.png */,
				0543E89D164BED3500255154 /* icon_voterlist.png */,
				0543E8A1164BEE8800255154 /* mainbg.png */,
				0543E8A2164BEE8800255154 /* mainbg@2x.png */,
				05488A46168D8CC10076BB74 /* mainbg-568h@2x.png */,
				0543E8A5164BEF1700255154 /* main_chp_yatay.png */,
				0543E8A6164BEF1800255154 /* main_chp_yatay@2x.png */,
				0543E8A9164BF25A00255154 /* tcinput_bg.png */,
				0543E8AA164BF25A00255154 /* tcinput_bg@2x.png */,
				0543E8AD164BF43400255154 /* main_btn_hover.png */,
				0543E8AE164BF43400255154 /* main_btn_hover@2x.png */,
				0543E8AF164BF43400255154 /* main_btn_normal.png */,
				0543E8B0164BF43400255154 /* main_btn_normal@2x.png */,
				05D0B716164D23D10041D665 /* header_shadow.png */,
				05D0B717164D23D10041D665 /* header_shadow@2x.png */,
				0543E8B5164BFAC500255154 /* header_bg.png */,
				0543E8B6164BFAC600255154 /* header_bg@2x.png */,
				05D0B71D164D32180041D665 /* icon_muhtar.png */,
				05D0B71E164D32180041D665 /* icon_muhtar@2x.png */,
				05D0B71F164D32180041D665 /* icon_okul.png */,
				05D0B720164D32180041D665 /* icon_okul@2x.png */,
				05D0B721164D32180041D665 /* icon_secmen.png */,
				05D0B722164D32180041D665 /* icon_secmen@2x.png */,
				05D0B739164D36FD0041D665 /* icon_sandik.png */,
				05D0B73A164D36FD0041D665 /* icon_sandik@2x.png */,
				05C3087A1650E2FA000A6780 /* btn_back_hover.png */,
				05C3087B1650E2FA000A6780 /* btn_back_hover@2x.png */,
				05C3087C1650E2FA000A6780 /* btn_back_normal.png */,
				05C3087D1650E2FA000A6780 /* btn_back_normal@2x.png */,
				05C3088316512D97000A6780 /* seperator.png */,
				05C3088416512D97000A6780 /* seperator@2x.png */,
				05C30887165132A3000A6780 /* bina_numara.png */,
				05C30888165132A3000A6780 /* bina_numara@2x.png */,
				05C3088F165151B1000A6780 /* title_binabilgisi.png */,
				05C30890165151B2000A6780 /* title_binabilgisi@2x.png */,
				05C30891165151B2000A6780 /* title_esandik.png */,
				05C30892165151B2000A6780 /* title_esandik@2x.png */,
				05C30893165151B2000A6780 /* title_sandikbilgisi.png */,
				05C30894165151B2000A6780 /* title_sandikbilgisi@2x.png */,
				05C30895165151B2000A6780 /* title_secmenkunyesi.png */,
				05C30896165151B2000A6780 /* title_secmenkunyesi@2x.png */,
				05BA1B8516524230006E6B38 /* cell_bg.png */,
				05BA1B8616524230006E6B38 /* cell_bg@2x.png */,
				05BA1B8C16524E55006E6B38 /* cell_tile_bg.png */,
				05BA1B8D16524E55006E6B38 /* cell_tile_bg@2x.png */,
			);
			name = Images;
			sourceTree = "<group>";
		};
		0552B4D8176F3ECF00AB7539 /* RNCryptor */ = {
			isa = PBXGroup;
			children = (
				0552B4D9176F3ECF00AB7539 /* RNCryptor+Private.h */,
				0552B4DA176F3ECF00AB7539 /* RNCryptor-Prefix.pch */,
				0552B4DB176F3ECF00AB7539 /* RNCryptor.h */,
				0552B4DC176F3ECF00AB7539 /* RNCryptor.m */,
				0552B4DD176F3ECF00AB7539 /* RNCryptorEngine.h */,
				0552B4DE176F3ECF00AB7539 /* RNCryptorEngine.m */,
				0552B4DF176F3ECF00AB7539 /* RNDecryptor.h */,
				0552B4E0176F3ECF00AB7539 /* RNDecryptor.m */,
				0552B4E1176F3ECF00AB7539 /* RNEncryptor.h */,
				0552B4E2176F3ECF00AB7539 /* RNEncryptor.m */,
				0552B4E3176F3ECF00AB7539 /* RNOpenSSLCryptor.h */,
				0552B4E4176F3ECF00AB7539 /* RNOpenSSLCryptor.m */,
				0552B4E5176F3ECF00AB7539 /* RNOpenSSLDecryptor.h */,
				0552B4E6176F3ECF00AB7539 /* RNOpenSSLDecryptor.m */,
				0552B4E7176F3ECF00AB7539 /* RNOpenSSLEncryptor.h */,
				0552B4E8176F3ECF00AB7539 /* RNOpenSSLEncryptor.m */,
			);
			path = RNCryptor;
			sourceTree = "<group>";
		};
		416A7D89165141BC0005E9E3 /* MKNetworkKit */ = {
			isa = PBXGroup;
			children = (
				416A7D8A165141BC0005E9E3 /* Categories */,
				416A7D97165141BC0005E9E3 /* MKNetworkEngine.h */,
				416A7D98165141BC0005E9E3 /* MKNetworkEngine.m */,
				416A7D99165141BC0005E9E3 /* MKNetworkKit.h */,
				416A7D9A165141BC0005E9E3 /* MKNetworkOperation.h */,
				416A7D9B165141BC0005E9E3 /* MKNetworkOperation.m */,
				416A7D9C165141BC0005E9E3 /* Reachability */,
			);
			path = MKNetworkKit;
			sourceTree = "<group>";
		};
		416A7D8A165141BC0005E9E3 /* Categories */ = {
			isa = PBXGroup;
			children = (
				416A7D8D165141BC0005E9E3 /* NSData+Base64.h */,
				416A7D8E165141BC0005E9E3 /* NSData+Base64.m */,
				416A7D8F165141BC0005E9E3 /* NSDate+RFC1123.h */,
				416A7D90165141BC0005E9E3 /* NSDate+RFC1123.m */,
				416A7D91165141BC0005E9E3 /* NSDictionary+RequestEncoding.h */,
				416A7D92165141BC0005E9E3 /* NSDictionary+RequestEncoding.m */,
				416A7D93165141BC0005E9E3 /* NSString+MKNetworkKitAdditions.h */,
				416A7D94165141BC0005E9E3 /* NSString+MKNetworkKitAdditions.m */,
				416A7D95165141BC0005E9E3 /* UIAlertView+MKNetworkKitAdditions.h */,
				416A7D96165141BC0005E9E3 /* UIAlertView+MKNetworkKitAdditions.m */,
			);
			path = Categories;
			sourceTree = "<group>";
		};
		416A7D9C165141BC0005E9E3 /* Reachability */ = {
			isa = PBXGroup;
			children = (
				416A7D9D165141BC0005E9E3 /* Reachability.h */,
				416A7D9E165141BC0005E9E3 /* Reachability.m */,
			);
			path = Reachability;
			sourceTree = "<group>";
		};
		416A7DB31651470E0005E9E3 /* Models */ = {
			isa = PBXGroup;
			children = (
				0543E88A164BE58B00255154 /* Voter.h */,
				0543E88B164BE58B00255154 /* Voter.m */,
				053E4973164D944700053418 /* Neighbour.h */,
				053E4974164D944700053418 /* Neighbour.m */,
			);
			name = Models;
			sourceTree = "<group>";
		};
		416A7DB5165147180005E9E3 /* Controllers */ = {
			isa = PBXGroup;
			children = (
				05D0B71A164D29BE0041D665 /* SandikNavigationViewController.h */,
				05D0B71B164D29BE0041D665 /* SandikNavigationViewController.m */,
				0543E8BC164BFEBD00255154 /* SandikTabBarViewController.h */,
				0543E8BD164BFEBD00255154 /* SandikTabBarViewController.m */,
				050DDEEB1765FA8200363603 /* SandikLoginViewController.h */,
				050DDEEC1765FA8200363603 /* SandikLoginViewController.m */,
				0543E8B9164BFD8200255154 /* SandikSorguViewController.h */,
				0543E8BA164BFD8300255154 /* SandikSorguViewController.m */,
				0543E869164BD6E100255154 /* SandikKunyeViewController.h */,
				0543E86A164BD6E100255154 /* SandikKunyeViewController.m */,
				0543E86C164BD70100255154 /* SandikBinaBilgisiViewController.h */,
				0543E86D164BD70100255154 /* SandikBinaBilgisiViewController.m */,
				0543E86F164BD71E00255154 /* SandikSecmenlerViewController.h */,
				0543E870164BD71E00255154 /* SandikSecmenlerViewController.m */,
			);
			name = Controllers;
			sourceTree = "<group>";
		};
/* End PBXGroup section */

/* Begin PBXNativeTarget section */
		0543E827164BB72D00255154 /* e-Secmen */ = {
			isa = PBXNativeTarget;
			buildConfigurationList = 0543E85A164BB72E00255154 /* Build configuration list for PBXNativeTarget "e-Secmen" */;
			buildPhases = (
				0543E824164BB72D00255154 /* Sources */,
				0543E825164BB72D00255154 /* Frameworks */,
				0543E826164BB72D00255154 /* Resources */,
			);
			buildRules = (
			);
			dependencies = (
			);
			name = "e-Secmen";
			productName = "e-Sandik";
			productReference = 0543E828164BB72D00255154 /* e-Secmen.app */;
			productType = "com.apple.product-type.application";
		};
/* End PBXNativeTarget section */

/* Begin PBXProject section */
		0543E81F164BB72D00255154 /* Project object */ = {
			isa = PBXProject;
			attributes = {
				CLASSPREFIX = Sandik;
				LastUpgradeCheck = 0450;
				ORGANIZATIONNAME = "Halıcı";
				TargetAttributes = {
					0543E827164BB72D00255154 = {
						DevelopmentTeam = Y89A3S87KH;
					};
				};
			};
			buildConfigurationList = 0543E822164BB72D00255154 /* Build configuration list for PBXProject "e-Secmen" */;
			compatibilityVersion = "Xcode 3.2";
			developmentRegion = English;
			hasScannedForEncodings = 0;
			knownRegions = (
				en,
			);
			mainGroup = 0543E81D164BB72D00255154;
			productRefGroup = 0543E829164BB72D00255154 /* Products */;
			projectDirPath = "";
			projectRoot = "";
			targets = (
				0543E827164BB72D00255154 /* e-Secmen */,
			);
		};
/* End PBXProject section */

/* Begin PBXResourcesBuildPhase section */
		0543E826164BB72D00255154 /* Resources */ = {
			isa = PBXResourcesBuildPhase;
			buildActionMask = 2147483647;
			files = (
				0543E837164BB72D00255154 /* InfoPlist.strings in Resources */,
				05A568B818CA169200148218 /* Icon@2x.png in Resources */,
				0543E846164BB72D00255154 /* MainStoryboard_iPhone.storyboard in Resources */,
				0543E891164BEA2B00255154 /* icon_boxlist@2x.png in Resources */,
				0543E892164BEA2B00255154 /* icon_voter@2x.png in Resources */,
				0543E893164BEA2B00255154 /* icon_voterlist@2x.png in Resources */,
				05A568C018CA17AB00148218 /* AppIcon40x40@2x.png in Resources */,
				0543E89E164BED3500255154 /* icon_boxlist.png in Resources */,
				0543E89F164BED3500255154 /* icon_voter.png in Resources */,
				0543E8A0164BED3500255154 /* icon_voterlist.png in Resources */,
				0543E8A3164BEE8800255154 /* mainbg.png in Resources */,
				0543E8A4164BEE8800255154 /* mainbg@2x.png in Resources */,
				0543E8A7164BEF1800255154 /* main_chp_yatay.png in Resources */,
				0543E8A8164BEF1800255154 /* main_chp_yatay@2x.png in Resources */,
				0543E8AB164BF25A00255154 /* tcinput_bg.png in Resources */,
				05A568B618CA169200148218 /* Icon-Small@2x.png in Resources */,
				05A568C118CA17AB00148218 /* AppIcon60x60.png in Resources */,
				0543E8AC164BF25A00255154 /* tcinput_bg@2x.png in Resources */,
				0543E8B1164BF43400255154 /* main_btn_hover.png in Resources */,
				0543E8B2164BF43400255154 /* main_btn_hover@2x.png in Resources */,
				0543E8B3164BF43400255154 /* main_btn_normal.png in Resources */,
				0543E8B4164BF43400255154 /* main_btn_normal@2x.png in Resources */,
				0543E8B7164BFAC600255154 /* header_bg.png in Resources */,
				0543E8B8164BFAC600255154 /* header_bg@2x.png in Resources */,
				05D0B718164D23D10041D665 /* header_shadow.png in Resources */,
				05D0B719164D23D10041D665 /* header_shadow@2x.png in Resources */,
				05D0B723164D32180041D665 /* icon_muhtar.png in Resources */,
				05A568B518CA169200148218 /* Icon-Small.png in Resources */,
				05D0B724164D32180041D665 /* icon_muhtar@2x.png in Resources */,
				05D0B725164D32180041D665 /* icon_okul.png in Resources */,
				05A568C318CA17AB00148218 /* AppIcon76x76.png in Resources */,
				05D0B726164D32180041D665 /* icon_okul@2x.png in Resources */,
				05D0B727164D32180041D665 /* icon_secmen.png in Resources */,
				05D0B728164D32180041D665 /* icon_secmen@2x.png in Resources */,
				05D0B73B164D36FD0041D665 /* icon_sandik.png in Resources */,
				05D0B73C164D36FD0041D665 /* icon_sandik@2x.png in Resources */,
				05A568BF18CA17AB00148218 /* AppIcon40x40.png in Resources */,
				05C3087E1650E2FA000A6780 /* btn_back_hover.png in Resources */,
				05C3087F1650E2FA000A6780 /* btn_back_hover@2x.png in Resources */,
				05C308801650E2FA000A6780 /* btn_back_normal.png in Resources */,
				05C308811650E2FA000A6780 /* btn_back_normal@2x.png in Resources */,
				05C3088516512D97000A6780 /* seperator.png in Resources */,
				05C3088616512D97000A6780 /* seperator@2x.png in Resources */,
				05C30889165132A3000A6780 /* bina_numara.png in Resources */,
				05A568C418CA17AB00148218 /* AppIcon76x76@2x.png in Resources */,
				05C3088A165132A3000A6780 /* bina_numara@2x.png in Resources */,
				05A568C218CA17AB00148218 /* AppIcon60x60@2x.png in Resources */,
				05C30897165151B2000A6780 /* title_binabilgisi.png in Resources */,
				05C30898165151B2000A6780 /* title_binabilgisi@2x.png in Resources */,
				05C30899165151B2000A6780 /* title_esandik.png in Resources */,
				05C3089A165151B2000A6780 /* title_esandik@2x.png in Resources */,
				05C3089B165151B2000A6780 /* title_sandikbilgisi.png in Resources */,
				05C3089C165151B2000A6780 /* title_sandikbilgisi@2x.png in Resources */,
				05C3089D165151B2000A6780 /* title_secmenkunyesi.png in Resources */,
				05C3089E165151B2000A6780 /* title_secmenkunyesi@2x.png in Resources */,
				05A568B718CA169200148218 /* Icon.png in Resources */,
				05BA1B8716524230006E6B38 /* cell_bg.png in Resources */,
				05BA1B8816524230006E6B38 /* cell_bg@2x.png in Resources */,
				05BA1B8E16524E55006E6B38 /* cell_tile_bg.png in Resources */,
				05BA1B8F16524E55006E6B38 /* cell_tile_bg@2x.png in Resources */,
				05BA1BB41652923E006E6B38 /* Default-568h@2x.png in Resources */,
				05BA1BB51652923E006E6B38 /* Default.png in Resources */,
				05BA1BB61652923E006E6B38 /* Default@2x.png in Resources */,
				05488A47168D8CC10076BB74 /* mainbg-568h@2x.png in Resources */,
			);
			runOnlyForDeploymentPostprocessing = 0;
		};
/* End PBXResourcesBuildPhase section */

/* Begin PBXSourcesBuildPhase section */
		0543E824164BB72D00255154 /* Sources */ = {
			isa = PBXSourcesBuildPhase;
			buildActionMask = 2147483647;
			files = (
				0543E839164BB72D00255154 /* main.m in Sources */,
				0543E83D164BB72D00255154 /* SandikAppDelegate.m in Sources */,
				0543E86B164BD6E100255154 /* SandikKunyeViewController.m in Sources */,
				0543E86E164BD70100255154 /* SandikBinaBilgisiViewController.m in Sources */,
				0543E871164BD71E00255154 /* SandikSecmenlerViewController.m in Sources */,
				0543E88C164BE58B00255154 /* Voter.m in Sources */,
				0543E8BB164BFD8300255154 /* SandikSorguViewController.m in Sources */,
				0543E8BE164BFEBE00255154 /* SandikTabBarViewController.m in Sources */,
				05D0B71C164D29BE0041D665 /* SandikNavigationViewController.m in Sources */,
				4104C1F6164BF8EE00520218 /* APIManager.m in Sources */,
				053E4975164D944700053418 /* Neighbour.m in Sources */,
				416A7DA0165141BC0005E9E3 /* NSData+Base64.m in Sources */,
				416A7DA1165141BC0005E9E3 /* NSDate+RFC1123.m in Sources */,
				416A7DA2165141BC0005E9E3 /* NSDictionary+RequestEncoding.m in Sources */,
				416A7DA3165141BC0005E9E3 /* NSString+MKNetworkKitAdditions.m in Sources */,
				416A7DA4165141BC0005E9E3 /* UIAlertView+MKNetworkKitAdditions.m in Sources */,
				416A7DA5165141BC0005E9E3 /* MKNetworkEngine.m in Sources */,
				416A7DA6165141BC0005E9E3 /* MKNetworkOperation.m in Sources */,
				416A7DA7165141BC0005E9E3 /* Reachability.m in Sources */,
				050DDEED1765FA8200363603 /* SandikLoginViewController.m in Sources */,
				0552B4E9176F3ECF00AB7539 /* RNCryptor.m in Sources */,
				0552B4EA176F3ECF00AB7539 /* RNCryptorEngine.m in Sources */,
				0552B4EB176F3ECF00AB7539 /* RNDecryptor.m in Sources */,
				0552B4EC176F3ECF00AB7539 /* RNEncryptor.m in Sources */,
				0552B4ED176F3ECF00AB7539 /* RNOpenSSLCryptor.m in Sources */,
				0552B4EE176F3ECF00AB7539 /* RNOpenSSLDecryptor.m in Sources */,
				0552B4EF176F3ECF00AB7539 /* RNOpenSSLEncryptor.m in Sources */,
			);
			runOnlyForDeploymentPostprocessing = 0;
		};
/* End PBXSourcesBuildPhase section */

/* Begin PBXVariantGroup section */
		0543E835164BB72D00255154 /* InfoPlist.strings */ = {
			isa = PBXVariantGroup;
			children = (
				0543E836164BB72D00255154 /* en */,
			);
			name = InfoPlist.strings;
			sourceTree = "<group>";
		};
		0543E844164BB72D00255154 /* MainStoryboard_iPhone.storyboard */ = {
			isa = PBXVariantGroup;
			children = (
				0543E845164BB72D00255154 /* en */,
			);
			name = MainStoryboard_iPhone.storyboard;
			sourceTree = "<group>";
		};
/* End PBXVariantGroup section */

/* Begin XCBuildConfiguration section */
		0543E858164BB72E00255154 /* Debug */ = {
			isa = XCBuildConfiguration;
			buildSettings = {
				ALWAYS_SEARCH_USER_PATHS = NO;
				CLANG_CXX_LANGUAGE_STANDARD = "gnu++0x";
				CLANG_CXX_LIBRARY = "libc++";
				CLANG_ENABLE_OBJC_ARC = YES;
				CLANG_WARN_EMPTY_BODY = YES;
				CLANG_WARN__DUPLICATE_METHOD_MATCH = YES;
				"CODE_SIGN_IDENTITY[sdk=iphoneos*]" = "iPhone Developer";
				COPY_PHASE_STRIP = NO;
				GCC_C_LANGUAGE_STANDARD = gnu99;
				GCC_DYNAMIC_NO_PIC = NO;
				GCC_OPTIMIZATION_LEVEL = 0;
				GCC_PREPROCESSOR_DEFINITIONS = (
					"DEBUG=1",
					"$(inherited)",
				);
				GCC_SYMBOLS_PRIVATE_EXTERN = NO;
				GCC_WARN_ABOUT_RETURN_TYPE = YES;
				GCC_WARN_UNINITIALIZED_AUTOS = YES;
				GCC_WARN_UNUSED_VARIABLE = YES;
				IPHONEOS_DEPLOYMENT_TARGET = 6.0;
				ONLY_ACTIVE_ARCH = YES;
				SDKROOT = iphoneos;
				TARGETED_DEVICE_FAMILY = "1,2";
			};
			name = Debug;
		};
		0543E859164BB72E00255154 /* Release */ = {
			isa = XCBuildConfiguration;
			buildSettings = {
				ALWAYS_SEARCH_USER_PATHS = NO;
				CLANG_CXX_LANGUAGE_STANDARD = "gnu++0x";
				CLANG_CXX_LIBRARY = "libc++";
				CLANG_ENABLE_OBJC_ARC = YES;
				CLANG_WARN_EMPTY_BODY = YES;
				CLANG_WARN__DUPLICATE_METHOD_MATCH = YES;
				"CODE_SIGN_IDENTITY[sdk=iphoneos*]" = "iPhone Developer";
				COPY_PHASE_STRIP = YES;
				GCC_C_LANGUAGE_STANDARD = gnu99;
				GCC_WARN_ABOUT_RETURN_TYPE = YES;
				GCC_WARN_UNINITIALIZED_AUTOS = YES;
				GCC_WARN_UNUSED_VARIABLE = YES;
				IPHONEOS_DEPLOYMENT_TARGET = 6.0;
				OTHER_CFLAGS = "-DNS_BLOCK_ASSERTIONS=1";
				SDKROOT = iphoneos;
				TARGETED_DEVICE_FAMILY = "1,2";
				VALIDATE_PRODUCT = YES;
			};
			name = Release;
		};
		0543E85B164BB72E00255154 /* Debug */ = {
			isa = XCBuildConfiguration;
			buildSettings = {
				ARCHS = (
					armv7s,
					armv7,
				);
				CODE_SIGN_IDENTITY = "iPhone Developer";
				GCC_PRECOMPILE_PREFIX_HEADER = YES;
				GCC_PREFIX_HEADER = "e-Sandik/e-Secmen-Prefix.pch";
				INFOPLIST_FILE = "e-Sandik/e-Secmen-Info.plist";
				IPHONEOS_DEPLOYMENT_TARGET = 5.0;
				LIBRARY_SEARCH_PATHS = (
					"$(inherited)",
					"\"$(SDKROOT)/usr/lib/system\"",
				);
				PRODUCT_NAME = "e-Secmen";
				SDKROOT = iphoneos6.1;
				TARGETED_DEVICE_FAMILY = 1;
				VALID_ARCHS = "armv7 armv7s";
				WRAPPER_EXTENSION = app;
			};
			name = Debug;
		};
		0543E85C164BB72E00255154 /* Release */ = {
			isa = XCBuildConfiguration;
			buildSettings = {
				ARCHS = (
					armv7s,
					armv7,
				);
				CODE_SIGN_IDENTITY = "iPhone Developer";
				GCC_PRECOMPILE_PREFIX_HEADER = YES;
				GCC_PREFIX_HEADER = "e-Sandik/e-Secmen-Prefix.pch";
				INFOPLIST_FILE = "e-Sandik/e-Secmen-Info.plist";
				IPHONEOS_DEPLOYMENT_TARGET = 5.0;
				LIBRARY_SEARCH_PATHS = (
					"$(inherited)",
					"\"$(SDKROOT)/usr/lib/system\"",
				);
				PRODUCT_NAME = "e-Secmen";
				SDKROOT = iphoneos6.1;
				TARGETED_DEVICE_FAMILY = 1;
				VALID_ARCHS = "armv7 armv7s";
				WRAPPER_EXTENSION = app;
			};
			name = Release;
		};
/* End XCBuildConfiguration section */

/* Begin XCConfigurationList section */
		0543E822164BB72D00255154 /* Build configuration list for PBXProject "e-Secmen" */ = {
			isa = XCConfigurationList;
			buildConfigurations = (
				0543E858164BB72E00255154 /* Debug */,
				0543E859164BB72E00255154 /* Release */,
			);
			defaultConfigurationIsVisible = 0;
			defaultConfigurationName = Release;
		};
		0543E85A164BB72E00255154 /* Build configuration list for PBXNativeTarget "e-Secmen" */ = {
			isa = XCConfigurationList;
			buildConfigurations = (
				0543E85B164BB72E00255154 /* Debug */,
				0543E85C164BB72E00255154 /* Release */,
			);
			defaultConfigurationIsVisible = 0;
			defaultConfigurationName = Release;
		};
/* End XCConfigurationList section */
	};
	rootObject = 0543E81F164BB72D00255154 /* Project object */;
}
